
Microsoft Visual Studio Solution File, Format Version 12.00
# Visual Studio 2013
VisualStudioVersion = 12.0.21005.1
MinimumVisualStudioVersion = 10.0.40219.1
Project("{FAE04EC0-301F-11D3-BF4B-00C04F79EFBC}") = "LojaVirtual.Dominio", "LojaVirtual.Dominio\LojaVirtual.Dominio.csproj", "{A9BC8112-9695-4457-8EBF-9F2F55FA2857}"
EndProject
Project("{FAE04EC0-301F-11D3-BF4B-00C04F79EFBC}") = "LojaVirtual.Web", "LojaVirtual.Web\LojaVirtual.Web.csproj", "{CCBD40E7-6820-4AE5-89E4-270FF68511D8}"
EndProject
Project("{FAE04EC0-301F-11D3-BF4B-00C04F79EFBC}") = "LojaVirtual.UnitTest", "LojaVirtual.UnitTest\LojaVirtual.UnitTest.csproj", "{DE5BFD22-A38C-46CF-A73E-08FBD3878E86}"
EndProject
Global
	GlobalSection(SolutionConfigurationPlatforms) = preSolution
		Debug|Any CPU = Debug|Any CPU
		Release|Any CPU = Release|Any CPU
	EndGlobalSection
	GlobalSection(ProjectConfigurationPlatforms) = postSolution
		{A9BC8112-9695-4457-8EBF-9F2F55FA2857}.Debug|Any CPU.ActiveCfg = Debug|Any CPU
		{A9BC8112-9695-4457-8EBF-9F2F55FA2857}.Debug|Any CPU.Build.0 = Debug|Any CPU
		{A9BC8112-9695-4457-8EBF-9F2F55FA2857}.Release|Any CPU.ActiveCfg = Release|Any CPU
		{A9BC8112-9695-4457-8EBF-9F2F55FA2857}.Release|Any CPU.Build.0 = Release|Any CPU
		{CCBD40E7-6820-4AE5-89E4-270FF68511D8}.Debug|Any CPU.ActiveCfg = Debug|Any CPU
		{CCBD40E7-6820-4AE5-89E4-270FF68511D8}.Debug|Any CPU.Build.0 = Debug|Any CPU
		{CCBD40E7-6820-4AE5-89E4-270FF68511D8}.Release|Any CPU.ActiveCfg = Release|Any CPU
		{CCBD40E7-6820-4AE5-89E4-270FF68511D8}.Release|Any CPU.Build.0 = Release|Any CPU
		{DE5BFD22-A38C-46CF-A73E-08FBD3878E86}.Debug|Any CPU.ActiveCfg = Debug|Any CPU
		{DE5BFD22-A38C-46CF-A73E-08FBD3878E86}.Debug|Any CPU.Build.0 = Debug|Any CPU
		{DE5BFD22-A38C-46CF-A73E-08FBD3878E86}.Release|Any CPU.ActiveCfg = Release|Any CPU
		{DE5BFD22-A38C-46CF-A73E-08FBD3878E86}.Release|Any CPU.Build.0 = Release|Any CPU
	EndGlobalSection
	GlobalSection(SolutionProperties) = preSolution
		HideSolutionNode = FALSE
	EndGlobalSection
EndGlobal
